
Microsoft Visual Studio Solution File, Format Version 12.00
# Visual Studio Version 16
VisualStudioVersion = 16.0.29613.14
MinimumVisualStudioVersion = 10.0.40219.1
Project("{FAE04EC0-301F-11D3-BF4B-00C04F79EFBC}") = "BlackJack", "BlackJack.csproj", "{768F4304-E426-413F-B2F4-BF53179CDA12}"
EndProject
Global
	GlobalSection(SolutionConfigurationPlatforms) = preSolution
		Debug|Any CPU = Debug|Any CPU
		Release|Any CPU = Release|Any CPU
	EndGlobalSection
	GlobalSection(ProjectConfigurationPlatforms) = postSolution
		{768F4304-E426-413F-B2F4-BF53179CDA12}.Debug|Any CPU.ActiveCfg = Debug|Any CPU
		{768F4304-E426-413F-B2F4-BF53179CDA12}.Debug|Any CPU.Build.0 = Debug|Any CPU
		{768F4304-E426-413F-B2F4-BF53179CDA12}.Release|Any CPU.ActiveCfg = Release|Any CPU
		{768F4304-E426-413F-B2F4-BF53179CDA12}.Release|Any CPU.Build.0 = Release|Any CPU
	EndGlobalSection
	GlobalSection(SolutionProperties) = preSolution
		HideSolutionNode = FALSE
	EndGlobalSection
	GlobalSection(ExtensibilityGlobals) = postSolution
		SolutionGuid = {914DDBF4-056B-45EB-93BD-8A4D809DABA3}
	EndGlobalSection
EndGlobal
